github.com/techfunda4all/workspace/module-1 v0.0.0-20241007163530-14f37af4def4 h1:h8Tkj8LirXxnB9c5/2TIaVlA+C6uFiBboXcJ1s9CIO8=
github.com/techfunda4all/workspace/module-1 v0.0.0-20241007163530-14f37af4def4/go.mod h1:fFJa1z9VfaxB/6H69crnC9/FsBPjvOUICUMW/udDprM=
github.com/techfunda4all/workspace/module-2 v0.0.0-20241007163530-14f37af4def4 h1:k0xtnfo+XaOqy3IHlrM9L97UpEd0MltCHwHZi6yHduw=
github.com/techfunda4all/workspace/module-2 v0.0.0-20241007163530-14f37af4def4/go.mod h1:6OdeuUxS26ajshzhv/9Hy8NIWKdxHrakqDmsYoCDK1Y=
